
Microsoft Visual Studio Solution File, Format Version 12.00
# Visual Studio Version 16
VisualStudioVersion = 16.0.31129.286
MinimumVisualStudioVersion = 10.0.40219.1
Project("{2150E333-8FDC-42A3-9474-1A3956D46DE8}") = "Services", "Services", "{DB46B63E-AF8F-4FA5-941B-0E50C1F7FB19}"
EndProject
Project("{2150E333-8FDC-42A3-9474-1A3956D46DE8}") = "Application", "Application", "{2A0262E2-57E1-4E92-B995-F0E7BABD5634}"
EndProject
Project("{2150E333-8FDC-42A3-9474-1A3956D46DE8}") = "Domain", "Domain", "{C4E842DD-BCBA-454E-A4B2-EA52BE84F29D}"
EndProject
Project("{2150E333-8FDC-42A3-9474-1A3956D46DE8}") = "Infrastructure", "Infrastructure", "{1B63DE1D-D5B1-4844-9D13-1BC5B78BE27C}"
EndProject
Project("{2150E333-8FDC-42A3-9474-1A3956D46DE8}") = "API", "API", "{2B5F31A1-3275-4B6D-ADBC-A9E97811016F}"
EndProject
Project("{FAE04EC0-301F-11D3-BF4B-00C04F79EFBC}") = "RIG.API", "Services\API\RIG.API\RIG.API.csproj", "{7DE0D353-C197-4B8E-B94E-D40D55A2BF06}"
EndProject
Project("{FAE04EC0-301F-11D3-BF4B-00C04F79EFBC}") = "RIG.Domain", "Services\Domain\RIG.Domain\RIG.Domain.csproj", "{12C1AC9F-9885-4F2F-8E15-DA2F6731E517}"
EndProject
Project("{FAE04EC0-301F-11D3-BF4B-00C04F79EFBC}") = "RIG.Application", "Services\Application\RIG.Application\RIG.Application.csproj", "{F273AB22-70B9-404B-BF8D-84191C22427E}"
EndProject
Project("{FAE04EC0-301F-11D3-BF4B-00C04F79EFBC}") = "RIG.Infrastructure", "Services\Infrastructure\RIG.Infrastructure\RIG.Infrastructure.csproj", "{DA0B5AAE-F1CC-46B8-97E6-1B9008E2FD78}"
EndProject
Project("{E53339B2-1760-4266-BCC7-CA923CBCF16C}") = "docker-compose", "docker-compose.dcproj", "{7FF733C8-8712-419C-B97B-D16E0B0A078C}"
EndProject
Global
	GlobalSection(SolutionConfigurationPlatforms) = preSolution
		Debug|Any CPU = Debug|Any CPU
		Release|Any CPU = Release|Any CPU
	EndGlobalSection
	GlobalSection(ProjectConfigurationPlatforms) = postSolution
		{7DE0D353-C197-4B8E-B94E-D40D55A2BF06}.Debug|Any CPU.ActiveCfg = Debug|Any CPU
		{7DE0D353-C197-4B8E-B94E-D40D55A2BF06}.Debug|Any CPU.Build.0 = Debug|Any CPU
		{7DE0D353-C197-4B8E-B94E-D40D55A2BF06}.Release|Any CPU.ActiveCfg = Release|Any CPU
		{7DE0D353-C197-4B8E-B94E-D40D55A2BF06}.Release|Any CPU.Build.0 = Release|Any CPU
		{12C1AC9F-9885-4F2F-8E15-DA2F6731E517}.Debug|Any CPU.ActiveCfg = Debug|Any CPU
		{12C1AC9F-9885-4F2F-8E15-DA2F6731E517}.Debug|Any CPU.Build.0 = Debug|Any CPU
		{12C1AC9F-9885-4F2F-8E15-DA2F6731E517}.Release|Any CPU.ActiveCfg = Release|Any CPU
		{12C1AC9F-9885-4F2F-8E15-DA2F6731E517}.Release|Any CPU.Build.0 = Release|Any CPU
		{F273AB22-70B9-404B-BF8D-84191C22427E}.Debug|Any CPU.ActiveCfg = Debug|Any CPU
		{F273AB22-70B9-404B-BF8D-84191C22427E}.Debug|Any CPU.Build.0 = Debug|Any CPU
		{F273AB22-70B9-404B-BF8D-84191C22427E}.Release|Any CPU.ActiveCfg = Release|Any CPU
		{F273AB22-70B9-404B-BF8D-84191C22427E}.Release|Any CPU.Build.0 = Release|Any CPU
		{DA0B5AAE-F1CC-46B8-97E6-1B9008E2FD78}.Debug|Any CPU.ActiveCfg = Debug|Any CPU
		{DA0B5AAE-F1CC-46B8-97E6-1B9008E2FD78}.Debug|Any CPU.Build.0 = Debug|Any CPU
		{DA0B5AAE-F1CC-46B8-97E6-1B9008E2FD78}.Release|Any CPU.ActiveCfg = Release|Any CPU
		{DA0B5AAE-F1CC-46B8-97E6-1B9008E2FD78}.Release|Any CPU.Build.0 = Release|Any CPU
		{7FF733C8-8712-419C-B97B-D16E0B0A078C}.Debug|Any CPU.ActiveCfg = Debug|Any CPU
		{7FF733C8-8712-419C-B97B-D16E0B0A078C}.Debug|Any CPU.Build.0 = Debug|Any CPU
		{7FF733C8-8712-419C-B97B-D16E0B0A078C}.Release|Any CPU.ActiveCfg = Release|Any CPU
		{7FF733C8-8712-419C-B97B-D16E0B0A078C}.Release|Any CPU.Build.0 = Release|Any CPU
	EndGlobalSection
	GlobalSection(SolutionProperties) = preSolution
		HideSolutionNode = FALSE
	EndGlobalSection
	GlobalSection(NestedProjects) = preSolution
		{2A0262E2-57E1-4E92-B995-F0E7BABD5634} = {DB46B63E-AF8F-4FA5-941B-0E50C1F7FB19}
		{C4E842DD-BCBA-454E-A4B2-EA52BE84F29D} = {DB46B63E-AF8F-4FA5-941B-0E50C1F7FB19}
		{1B63DE1D-D5B1-4844-9D13-1BC5B78BE27C} = {DB46B63E-AF8F-4FA5-941B-0E50C1F7FB19}
		{2B5F31A1-3275-4B6D-ADBC-A9E97811016F} = {DB46B63E-AF8F-4FA5-941B-0E50C1F7FB19}
		{7DE0D353-C197-4B8E-B94E-D40D55A2BF06} = {2B5F31A1-3275-4B6D-ADBC-A9E97811016F}
		{12C1AC9F-9885-4F2F-8E15-DA2F6731E517} = {C4E842DD-BCBA-454E-A4B2-EA52BE84F29D}
		{F273AB22-70B9-404B-BF8D-84191C22427E} = {2A0262E2-57E1-4E92-B995-F0E7BABD5634}
		{DA0B5AAE-F1CC-46B8-97E6-1B9008E2FD78} = {1B63DE1D-D5B1-4844-9D13-1BC5B78BE27C}
	EndGlobalSection
	GlobalSection(ExtensibilityGlobals) = postSolution
		SolutionGuid = {3E8D882E-7764-43F9-A320-95E88F3232DA}
	EndGlobalSection
EndGlobal
